Microsoft Visual Studio Solution File, Format Version 12.00
# Visual Studio Version 16
VisualStudioVersion = 16.0.31911.196
MinimumVisualStudioVersion = 10.0.40219.1
Project("{BC8A1FFA-BEE3-4634-8014-F334798102B3}") = "WorldCleanup", "WorldCleanup\WorldCleanup.vcxproj", "{D2EAF485-A711-4BEC-8912-9218CDA995A7}"
EndProject
Global
	GlobalSection(SolutionConfigurationPlatforms) = preSolution
		Debug|x64 = Debug|x64
		Release|x64 = Release|x64
	EndGlobalSection
	GlobalSection(ProjectConfigurationPlatforms) = postSolution
		{D2EAF485-A711-4BEC-8912-9218CDA995A7}.Debug|x64.ActiveCfg = Debug|x64
		{D2EAF485-A711-4BEC-8912-9218CDA995A7}.Debug|x64.Build.0 = Debug|x64
		{D2EAF485-A711-4BEC-8912-9218CDA995A7}.Release|x64.ActiveCfg = Release|x64
		{D2EAF485-A711-4BEC-8912-9218CDA995A7}.Release|x64.Build.0 = Release|x64
	EndGlobalSection
	GlobalSection(SolutionProperties) = preSolution
		HideSolutionNode = FALSE
	EndGlobalSection
EndGlobal

